
Microsoft Visual Studio Solution File, Format Version 12.00
# Visual Studio 15
VisualStudioVersion = 15.0.28010.2016
MinimumVisualStudioVersion = 10.0.40219.1
Project("{8BC9CEB8-8B4A-11D0-8D11-00A0C91BC942}") = "03_Queue", "03_Queue\03_Queue.vcxproj", "{AB022A47-1B91-4793-9C02-33B60EFCB083}"
EndProject
Global
	GlobalSection(SolutionConfigurationPlatforms) = preSolution
		Debug|x64 = Debug|x64
		Debug|x86 = Debug|x86
		Release|x64 = Release|x64
		Release|x86 = Release|x86
	EndGlobalSection
	GlobalSection(ProjectConfigurationPlatforms) = postSolution
		{AB022A47-1B91-4793-9C02-33B60EFCB083}.Debug|x64.ActiveCfg = Debug|x64
		{AB022A47-1B91-4793-9C02-33B60EFCB083}.Debug|x64.Build.0 = Debug|x64
		{AB022A47-1B91-4793-9C02-33B60EFCB083}.Debug|x86.ActiveCfg = Debug|Win32
		{AB022A47-1B91-4793-9C02-33B60EFCB083}.Debug|x86.Build.0 = Debug|Win32
		{AB022A47-1B91-4793-9C02-33B60EFCB083}.Release|x64.ActiveCfg = Release|x64
		{AB022A47-1B91-4793-9C02-33B60EFCB083}.Release|x64.Build.0 = Release|x64
		{AB022A47-1B91-4793-9C02-33B60EFCB083}.Release|x86.ActiveCfg = Release|Win32
		{AB022A47-1B91-4793-9C02-33B60EFCB083}.Release|x86.Build.0 = Release|Win32
	EndGlobalSection
	GlobalSection(SolutionProperties) = preSolution
		HideSolutionNode = FALSE
	EndGlobalSection
	GlobalSection(ExtensibilityGlobals) = postSolution
		SolutionGuid = {21A5F7DB-A378-4DE4-94A9-FE270B652BB7}
	EndGlobalSection
EndGlobal
